
Microsoft Visual Studio Solution File, Format Version 12.00
# Visual Studio Version 16
VisualStudioVersion = 16.0.29020.237
MinimumVisualStudioVersion = 10.0.40219.1
Project("{FAE04EC0-301F-11D3-BF4B-00C04F79EFBC}") = "02--Fiap.Web.AspNet", "02--Fiap.Web.AspNet\02--Fiap.Web.AspNet.csproj", "{D090CAFB-42B5-4FE6-81B3-D6898D5DE837}"
EndProject
Global
	GlobalSection(SolutionConfigurationPlatforms) = preSolution
		Debug|Any CPU = Debug|Any CPU
		Release|Any CPU = Release|Any CPU
	EndGlobalSection
	GlobalSection(ProjectConfigurationPlatforms) = postSolution
		{D090CAFB-42B5-4FE6-81B3-D6898D5DE837}.Debug|Any CPU.ActiveCfg = Debug|Any CPU
		{D090CAFB-42B5-4FE6-81B3-D6898D5DE837}.Debug|Any CPU.Build.0 = Debug|Any CPU
		{D090CAFB-42B5-4FE6-81B3-D6898D5DE837}.Release|Any CPU.ActiveCfg = Release|Any CPU
		{D090CAFB-42B5-4FE6-81B3-D6898D5DE837}.Release|Any CPU.Build.0 = Release|Any CPU
	EndGlobalSection
	GlobalSection(SolutionProperties) = preSolution
		HideSolutionNode = FALSE
	EndGlobalSection
	GlobalSection(ExtensibilityGlobals) = postSolution
		SolutionGuid = {6D653577-39F2-4082-AE97-3F1616F12DD1}
	EndGlobalSection
EndGlobal
