
Microsoft Visual Studio Solution File, Format Version 12.00
# Visual Studio Version 16
VisualStudioVersion = 16.0.29020.237
MinimumVisualStudioVersion = 10.0.40219.1
Project("{9A19103F-16F7-4668-BE54-9A1E7A4F7556}") = "01-Fiap.UI.HelloWorld", "01-Fiap.UI.HelloWorld\01-Fiap.UI.HelloWorld.csproj", "{E6C5BA97-7180-497C-BFD5-31C0F1D88269}"
EndProject
Project("{FAE04EC0-301F-11D3-BF4B-00C04F79EFBC}") = "Ex-Banco", "..\Ex-Banco\Ex-Banco.csproj", "{5E5BF846-67B3-4440-BAB2-32C52719DC2D}"
EndProject
Global
	GlobalSection(SolutionConfigurationPlatforms) = preSolution
		Debug|Any CPU = Debug|Any CPU
		Release|Any CPU = Release|Any CPU
	EndGlobalSection
	GlobalSection(ProjectConfigurationPlatforms) = postSolution
		{E6C5BA97-7180-497C-BFD5-31C0F1D88269}.Debug|Any CPU.ActiveCfg = Debug|Any CPU
		{E6C5BA97-7180-497C-BFD5-31C0F1D88269}.Debug|Any CPU.Build.0 = Debug|Any CPU
		{E6C5BA97-7180-497C-BFD5-31C0F1D88269}.Release|Any CPU.ActiveCfg = Release|Any CPU
		{E6C5BA97-7180-497C-BFD5-31C0F1D88269}.Release|Any CPU.Build.0 = Release|Any CPU
		{5E5BF846-67B3-4440-BAB2-32C52719DC2D}.Debug|Any CPU.ActiveCfg = Debug|Any CPU
		{5E5BF846-67B3-4440-BAB2-32C52719DC2D}.Debug|Any CPU.Build.0 = Debug|Any CPU
		{5E5BF846-67B3-4440-BAB2-32C52719DC2D}.Release|Any CPU.ActiveCfg = Release|Any CPU
		{5E5BF846-67B3-4440-BAB2-32C52719DC2D}.Release|Any CPU.Build.0 = Release|Any CPU
	EndGlobalSection
	GlobalSection(SolutionProperties) = preSolution
		HideSolutionNode = FALSE
	EndGlobalSection
	GlobalSection(ExtensibilityGlobals) = postSolution
		SolutionGuid = {E198ECD0-514F-4DBC-8657-B78774B6A39D}
	EndGlobalSection
EndGlobal
